
Microsoft Visual Studio Solution File, Format Version 12.00
# Visual Studio Version 17
VisualStudioVersion = 17.5.002.0
MinimumVisualStudioVersion = 10.0.40219.1
Project("{2150E333-8FDC-42A3-9474-1A3956D46DE8}") = "csharp-prep", "csharp-prep", "{A250951E-8DEA-4FB2-939F-2555A3027E10}"
EndProject
Project("{9A19103F-16F7-4668-BE54-9A1E7A4F7556}") = "Prep1", "csharp-prep\Prep1\Prep1.csproj", "{0C85D412-0B32-46EA-880B-DE315BF2FD8B}"
EndProject
Project("{9A19103F-16F7-4668-BE54-9A1E7A4F7556}") = "Prep2", "csharp-prep\Prep2\Prep2.csproj", "{7F916701-EBF3-4E6B-A619-EB6DD089B127}"
EndProject
Project("{9A19103F-16F7-4668-BE54-9A1E7A4F7556}") = "Prep3", "csharp-prep\Prep3\Prep3.csproj", "{D1955F9D-5E26-40EF-AF45-6226B3B88128}"
EndProject
Project("{9A19103F-16F7-4668-BE54-9A1E7A4F7556}") = "Prep4", "csharp-prep\Prep4\Prep4.csproj", "{6A16AC11-8054-4FCC-B411-6E8E996F49EC}"
EndProject
Project("{9A19103F-16F7-4668-BE54-9A1E7A4F7556}") = "Prep5", "csharp-prep\Prep5\Prep5.csproj", "{57D766CD-F087-4056-91CD-2312D18CC938}"
EndProject
Project("{2150E333-8FDC-42A3-9474-1A3956D46DE8}") = "final", "final", "{E3373452-AA2B-4E04-B70C-5BA2E0B91D8D}"
EndProject
Project("{9A19103F-16F7-4668-BE54-9A1E7A4F7556}") = "FinalProject", "final\FinalProject\FinalProject.csproj", "{2AE68C6E-3E1C-4D6D-BEAB-BA866776284A}"
EndProject
Project("{9A19103F-16F7-4668-BE54-9A1E7A4F7556}") = "Foundation1", "final\Foundation1\Foundation1.csproj", "{DE7C8205-74A2-49CB-98D6-D6988F316925}"
EndProject
Project("{9A19103F-16F7-4668-BE54-9A1E7A4F7556}") = "Foundation2", "final\Foundation2\Foundation2.csproj", "{1DA975B9-E48C-4A44-802E-CA27CCC7AD67}"
EndProject
Project("{9A19103F-16F7-4668-BE54-9A1E7A4F7556}") = "Foundation3", "final\Foundation3\Foundation3.csproj", "{74599EAC-7A4B-4D39-B738-0501717EBF66}"
EndProject
Project("{9A19103F-16F7-4668-BE54-9A1E7A4F7556}") = "Foundation4", "final\Foundation4\Foundation4.csproj", "{48BBB4F7-350F-4056-AC17-C5456E0D7CBD}"
EndProject
Project("{2150E333-8FDC-42A3-9474-1A3956D46DE8}") = "prepare", "prepare", "{DC76D514-6641-4351-93A7-47BAA4548546}"
EndProject
Project("{9A19103F-16F7-4668-BE54-9A1E7A4F7556}") = "Learning02", "prepare\Learning02\Learning02.csproj", "{F15E82C0-CD6B-48A4-850D-9D3835830CAE}"
EndProject
Project("{9A19103F-16F7-4668-BE54-9A1E7A4F7556}") = "Learning03", "prepare\Learning03\Learning03.csproj", "{F9BB9CA8-9B38-4489-8716-088E05D9FFBB}"
EndProject
Project("{9A19103F-16F7-4668-BE54-9A1E7A4F7556}") = "Learning04", "prepare\Learning04\Learning04.csproj", "{4BC34E5B-9BA7-49AB-9AF5-06EEE9DBD493}"
EndProject
Project("{9A19103F-16F7-4668-BE54-9A1E7A4F7556}") = "Learning05", "prepare\Learning05\Learning05.csproj", "{891640C8-466C-4072-B7A3-75B4AE0D35F3}"
EndProject
Project("{2150E333-8FDC-42A3-9474-1A3956D46DE8}") = "prove", "prove", "{D5124040-76AE-4A21-AB4F-E37A7D0295F5}"
EndProject
Project("{9A19103F-16F7-4668-BE54-9A1E7A4F7556}") = "Develop02", "prove\Develop02\Develop02.csproj", "{00838A71-17E4-4F21-AD30-FECCAAEE5C86}"
EndProject
Project("{9A19103F-16F7-4668-BE54-9A1E7A4F7556}") = "Develop03", "prove\Develop03\Develop03.csproj", "{FB17A354-7548-4C19-9A9B-29714F609E02}"
EndProject
Project("{9A19103F-16F7-4668-BE54-9A1E7A4F7556}") = "Develop04", "prove\Develop04\Develop04.csproj", "{DFBD23C0-DEBA-42BB-994F-A3F2F14C64D6}"
EndProject
Project("{9A19103F-16F7-4668-BE54-9A1E7A4F7556}") = "Develop05", "prove\Develop05\Develop05.csproj", "{8DF06730-6FD3-476B-91BC-9973AF47EEB4}"
EndProject
Project("{2150E333-8FDC-42A3-9474-1A3956D46DE8}") = "sandbox", "sandbox", "{156E081D-46BB-48F2-AAF7-91400AB5787B}"
EndProject
Project("{9A19103F-16F7-4668-BE54-9A1E7A4F7556}") = "Sandbox", "sandbox\Sandbox\Sandbox.csproj", "{9F815DC1-866A-4AA8-A508-81199EFB1F64}"
EndProject
Global
	GlobalSection(SolutionConfigurationPlatforms) = preSolution
		Debug|Any CPU = Debug|Any CPU
		Release|Any CPU = Release|Any CPU
	EndGlobalSection
	GlobalSection(ProjectConfigurationPlatforms) = postSolution
		{0C85D412-0B32-46EA-880B-DE315BF2FD8B}.Debug|Any CPU.ActiveCfg = Debug|Any CPU
		{0C85D412-0B32-46EA-880B-DE315BF2FD8B}.Debug|Any CPU.Build.0 = Debug|Any CPU
		{0C85D412-0B32-46EA-880B-DE315BF2FD8B}.Release|Any CPU.ActiveCfg = Release|Any CPU
		{0C85D412-0B32-46EA-880B-DE315BF2FD8B}.Release|Any CPU.Build.0 = Release|Any CPU
		{7F916701-EBF3-4E6B-A619-EB6DD089B127}.Debug|Any CPU.ActiveCfg = Debug|Any CPU
		{7F916701-EBF3-4E6B-A619-EB6DD089B127}.Debug|Any CPU.Build.0 = Debug|Any CPU
		{7F916701-EBF3-4E6B-A619-EB6DD089B127}.Release|Any CPU.ActiveCfg = Release|Any CPU
		{7F916701-EBF3-4E6B-A619-EB6DD089B127}.Release|Any CPU.Build.0 = Release|Any CPU
		{D1955F9D-5E26-40EF-AF45-6226B3B88128}.Debug|Any CPU.ActiveCfg = Debug|Any CPU
		{D1955F9D-5E26-40EF-AF45-6226B3B88128}.Debug|Any CPU.Build.0 = Debug|Any CPU
		{D1955F9D-5E26-40EF-AF45-6226B3B88128}.Release|Any CPU.ActiveCfg = Release|Any CPU
		{D1955F9D-5E26-40EF-AF45-6226B3B88128}.Release|Any CPU.Build.0 = Release|Any CPU
		{6A16AC11-8054-4FCC-B411-6E8E996F49EC}.Debug|Any CPU.ActiveCfg = Debug|Any CPU
		{6A16AC11-8054-4FCC-B411-6E8E996F49EC}.Debug|Any CPU.Build.0 = Debug|Any CPU
		{6A16AC11-8054-4FCC-B411-6E8E996F49EC}.Release|Any CPU.ActiveCfg = Release|Any CPU
		{6A16AC11-8054-4FCC-B411-6E8E996F49EC}.Release|Any CPU.Build.0 = Release|Any CPU
		{57D766CD-F087-4056-91CD-2312D18CC938}.Debug|Any CPU.ActiveCfg = Debug|Any CPU
		{57D766CD-F087-4056-91CD-2312D18CC938}.Debug|Any CPU.Build.0 = Debug|Any CPU
		{57D766CD-F087-4056-91CD-2312D18CC938}.Release|Any CPU.ActiveCfg = Release|Any CPU
		{57D766CD-F087-4056-91CD-2312D18CC938}.Release|Any CPU.Build.0 = Release|Any CPU
		{2AE68C6E-3E1C-4D6D-BEAB-BA866776284A}.Debug|Any CPU.ActiveCfg = Debug|Any CPU
		{2AE68C6E-3E1C-4D6D-BEAB-BA866776284A}.Debug|Any CPU.Build.0 = Debug|Any CPU
		{2AE68C6E-3E1C-4D6D-BEAB-BA866776284A}.Release|Any CPU.ActiveCfg = Release|Any CPU
		{2AE68C6E-3E1C-4D6D-BEAB-BA866776284A}.Release|Any CPU.Build.0 = Release|Any CPU
		{DE7C8205-74A2-49CB-98D6-D6988F316925}.Debug|Any CPU.ActiveCfg = Debug|Any CPU
		{DE7C8205-74A2-49CB-98D6-D6988F316925}.Debug|Any CPU.Build.0 = Debug|Any CPU
		{DE7C8205-74A2-49CB-98D6-D6988F316925}.Release|Any CPU.ActiveCfg = Release|Any CPU
		{DE7C8205-74A2-49CB-98D6-D6988F316925}.Release|Any CPU.Build.0 = Release|Any CPU
		{1DA975B9-E48C-4A44-802E-CA27CCC7AD67}.Debug|Any CPU.ActiveCfg = Debug|Any CPU
		{1DA975B9-E48C-4A44-802E-CA27CCC7AD67}.Debug|Any CPU.Build.0 = Debug|Any CPU
		{1DA975B9-E48C-4A44-802E-CA27CCC7AD67}.Release|Any CPU.ActiveCfg = Release|Any CPU
		{1DA975B9-E48C-4A44-802E-CA27CCC7AD67}.Release|Any CPU.Build.0 = Release|Any CPU
		{74599EAC-7A4B-4D39-B738-0501717EBF66}.Debug|Any CPU.ActiveCfg = Debug|Any CPU
		{74599EAC-7A4B-4D39-B738-0501717EBF66}.Debug|Any CPU.Build.0 = Debug|Any CPU
		{74599EAC-7A4B-4D39-B738-0501717EBF66}.Release|Any CPU.ActiveCfg = Release|Any CPU
		{74599EAC-7A4B-4D39-B738-0501717EBF66}.Release|Any CPU.Build.0 = Release|Any CPU
		{48BBB4F7-350F-4056-AC17-C5456E0D7CBD}.Debug|Any CPU.ActiveCfg = Debug|Any CPU
		{48BBB4F7-350F-4056-AC17-C5456E0D7CBD}.Debug|Any CPU.Build.0 = Debug|Any CPU
		{48BBB4F7-350F-4056-AC17-C5456E0D7CBD}.Release|Any CPU.ActiveCfg = Release|Any CPU
		{48BBB4F7-350F-4056-AC17-C5456E0D7CBD}.Release|Any CPU.Build.0 = Release|Any CPU
		{F15E82C0-CD6B-48A4-850D-9D3835830CAE}.Debug|Any CPU.ActiveCfg = Debug|Any CPU
		{F15E82C0-CD6B-48A4-850D-9D3835830CAE}.Debug|Any CPU.Build.0 = Debug|Any CPU
		{F15E82C0-CD6B-48A4-850D-9D3835830CAE}.Release|Any CPU.ActiveCfg = Release|Any CPU
		{F15E82C0-CD6B-48A4-850D-9D3835830CAE}.Release|Any CPU.Build.0 = Release|Any CPU
		{F9BB9CA8-9B38-4489-8716-088E05D9FFBB}.Debug|Any CPU.ActiveCfg = Debug|Any CPU
		{F9BB9CA8-9B38-4489-8716-088E05D9FFBB}.Debug|Any CPU.Build.0 = Debug|Any CPU
		{F9BB9CA8-9B38-4489-8716-088E05D9FFBB}.Release|Any CPU.ActiveCfg = Release|Any CPU
		{F9BB9CA8-9B38-4489-8716-088E05D9FFBB}.Release|Any CPU.Build.0 = Release|Any CPU
		{4BC34E5B-9BA7-49AB-9AF5-06EEE9DBD493}.Debug|Any CPU.ActiveCfg = Debug|Any CPU
		{4BC34E5B-9BA7-49AB-9AF5-06EEE9DBD493}.Debug|Any CPU.Build.0 = Debug|Any CPU
		{4BC34E5B-9BA7-49AB-9AF5-06EEE9DBD493}.Release|Any CPU.ActiveCfg = Release|Any CPU
		{4BC34E5B-9BA7-49AB-9AF5-06EEE9DBD493}.Release|Any CPU.Build.0 = Release|Any CPU
		{891640C8-466C-4072-B7A3-75B4AE0D35F3}.Debug|Any CPU.ActiveCfg = Debug|Any CPU
		{891640C8-466C-4072-B7A3-75B4AE0D35F3}.Debug|Any CPU.Build.0 = Debug|Any CPU
		{891640C8-466C-4072-B7A3-75B4AE0D35F3}.Release|Any CPU.ActiveCfg = Release|Any CPU
		{891640C8-466C-4072-B7A3-75B4AE0D35F3}.Release|Any CPU.Build.0 = Release|Any CPU
		{00838A71-17E4-4F21-AD30-FECCAAEE5C86}.Debug|Any CPU.ActiveCfg = Debug|Any CPU
		{00838A71-17E4-4F21-AD30-FECCAAEE5C86}.Debug|Any CPU.Build.0 = Debug|Any CPU
		{00838A71-17E4-4F21-AD30-FECCAAEE5C86}.Release|Any CPU.ActiveCfg = Release|Any CPU
		{00838A71-17E4-4F21-AD30-FECCAAEE5C86}.Release|Any CPU.Build.0 = Release|Any CPU
		{FB17A354-7548-4C19-9A9B-29714F609E02}.Debug|Any CPU.ActiveCfg = Debug|Any CPU
		{FB17A354-7548-4C19-9A9B-29714F609E02}.Debug|Any CPU.Build.0 = Debug|Any CPU
		{FB17A354-7548-4C19-9A9B-29714F609E02}.Release|Any CPU.ActiveCfg = Release|Any CPU
		{FB17A354-7548-4C19-9A9B-29714F609E02}.Release|Any CPU.Build.0 = Release|Any CPU
		{DFBD23C0-DEBA-42BB-994F-A3F2F14C64D6}.Debug|Any CPU.ActiveCfg = Debug|Any CPU
		{DFBD23C0-DEBA-42BB-994F-A3F2F14C64D6}.Debug|Any CPU.Build.0 = Debug|Any CPU
		{DFBD23C0-DEBA-42BB-994F-A3F2F14C64D6}.Release|Any CPU.ActiveCfg = Release|Any CPU
		{DFBD23C0-DEBA-42BB-994F-A3F2F14C64D6}.Release|Any CPU.Build.0 = Release|Any CPU
		{8DF06730-6FD3-476B-91BC-9973AF47EEB4}.Debug|Any CPU.ActiveCfg = Debug|Any CPU
		{8DF06730-6FD3-476B-91BC-9973AF47EEB4}.Debug|Any CPU.Build.0 = Debug|Any CPU
		{8DF06730-6FD3-476B-91BC-9973AF47EEB4}.Release|Any CPU.ActiveCfg = Release|Any CPU
		{8DF06730-6FD3-476B-91BC-9973AF47EEB4}.Release|Any CPU.Build.0 = Release|Any CPU
		{9F815DC1-866A-4AA8-A508-81199EFB1F64}.Debug|Any CPU.ActiveCfg = Debug|Any CPU
		{9F815DC1-866A-4AA8-A508-81199EFB1F64}.Debug|Any CPU.Build.0 = Debug|Any CPU
		{9F815DC1-866A-4AA8-A508-81199EFB1F64}.Release|Any CPU.ActiveCfg = Release|Any CPU
		{9F815DC1-866A-4AA8-A508-81199EFB1F64}.Release|Any CPU.Build.0 = Release|Any CPU
	EndGlobalSection
	GlobalSection(SolutionProperties) = preSolution
		HideSolutionNode = FALSE
	EndGlobalSection
	GlobalSection(NestedProjects) = preSolution
		{0C85D412-0B32-46EA-880B-DE315BF2FD8B} = {A250951E-8DEA-4FB2-939F-2555A3027E10}
		{7F916701-EBF3-4E6B-A619-EB6DD089B127} = {A250951E-8DEA-4FB2-939F-2555A3027E10}
		{D1955F9D-5E26-40EF-AF45-6226B3B88128} = {A250951E-8DEA-4FB2-939F-2555A3027E10}
		{6A16AC11-8054-4FCC-B411-6E8E996F49EC} = {A250951E-8DEA-4FB2-939F-2555A3027E10}
		{57D766CD-F087-4056-91CD-2312D18CC938} = {A250951E-8DEA-4FB2-939F-2555A3027E10}
		{2AE68C6E-3E1C-4D6D-BEAB-BA866776284A} = {E3373452-AA2B-4E04-B70C-5BA2E0B91D8D}
		{DE7C8205-74A2-49CB-98D6-D6988F316925} = {E3373452-AA2B-4E04-B70C-5BA2E0B91D8D}
		{1DA975B9-E48C-4A44-802E-CA27CCC7AD67} = {E3373452-AA2B-4E04-B70C-5BA2E0B91D8D}
		{74599EAC-7A4B-4D39-B738-0501717EBF66} = {E3373452-AA2B-4E04-B70C-5BA2E0B91D8D}
		{48BBB4F7-350F-4056-AC17-C5456E0D7CBD} = {E3373452-AA2B-4E04-B70C-5BA2E0B91D8D}
		{F15E82C0-CD6B-48A4-850D-9D3835830CAE} = {DC76D514-6641-4351-93A7-47BAA4548546}
		{F9BB9CA8-9B38-4489-8716-088E05D9FFBB} = {DC76D514-6641-4351-93A7-47BAA4548546}
		{4BC34E5B-9BA7-49AB-9AF5-06EEE9DBD493} = {DC76D514-6641-4351-93A7-47BAA4548546}
		{891640C8-466C-4072-B7A3-75B4AE0D35F3} = {DC76D514-6641-4351-93A7-47BAA4548546}
		{00838A71-17E4-4F21-AD30-FECCAAEE5C86} = {D5124040-76AE-4A21-AB4F-E37A7D0295F5}
		{FB17A354-7548-4C19-9A9B-29714F609E02} = {D5124040-76AE-4A21-AB4F-E37A7D0295F5}
		{DFBD23C0-DEBA-42BB-994F-A3F2F14C64D6} = {D5124040-76AE-4A21-AB4F-E37A7D0295F5}
		{8DF06730-6FD3-476B-91BC-9973AF47EEB4} = {D5124040-76AE-4A21-AB4F-E37A7D0295F5}
		{9F815DC1-866A-4AA8-A508-81199EFB1F64} = {156E081D-46BB-48F2-AAF7-91400AB5787B}
	EndGlobalSection
	GlobalSection(ExtensibilityGlobals) = postSolution
		SolutionGuid = {9E4910EC-41D7-40AF-9D82-1C47683760DD}
	EndGlobalSection
EndGlobal
